
Microsoft Visual Studio Solution File, Format Version 12.00
# Visual Studio Version 17
VisualStudioVersion = 17.7.34024.191
MinimumVisualStudioVersion = 10.0.40219.1
Project("{9A19103F-16F7-4668-BE54-9A1E7A4F7556}") = "SpeedShard", "SpeedShard.csproj", "{00146FC1-18D5-46CE-9391-5E9BBBA46809}"
EndProject
Global
	GlobalSection(SolutionConfigurationPlatforms) = preSolution
		Debug|Any CPU = Debug|Any CPU
		Release|Any CPU = Release|Any CPU
	EndGlobalSection
	GlobalSection(ProjectConfigurationPlatforms) = postSolution
		{00146FC1-18D5-46CE-9391-5E9BBBA46809}.Debug|Any CPU.ActiveCfg = Debug|Any CPU
		{00146FC1-18D5-46CE-9391-5E9BBBA46809}.Debug|Any CPU.Build.0 = Debug|Any CPU
		{00146FC1-18D5-46CE-9391-5E9BBBA46809}.Release|Any CPU.ActiveCfg = Release|Any CPU
		{00146FC1-18D5-46CE-9391-5E9BBBA46809}.Release|Any CPU.Build.0 = Release|Any CPU
	EndGlobalSection
	GlobalSection(SolutionProperties) = preSolution
		HideSolutionNode = FALSE
	EndGlobalSection
	GlobalSection(ExtensibilityGlobals) = postSolution
		SolutionGuid = {9D09B578-68BA-4595-B8B5-882DADD58138}
	EndGlobalSection
EndGlobal
